// !$*UTF8*$!
{
	archiveVersion = 1;
	classes = {
	};
	objectVersion = 48;
	objects = {

/* Begin PBXBuildFile section */
		255A94A4202567DE0078CC6D /* AppDelegate.swift in Sources */ = {isa = PBXBuildFile; fileRef = 255A94A3202567DE0078CC6D /* AppDelegate.swift */; };
		255A94A6202567DE0078CC6D /* FirstViewController.swift in Sources */ = {isa = PBXBuildFile; fileRef = 255A94A5202567DE0078CC6D /* FirstViewController.swift */; };
		255A94A8202567DE0078CC6D /* SecondViewController.swift in Sources */ = {isa = PBXBuildFile; fileRef = 255A94A7202567DE0078CC6D /* SecondViewController.swift */; };
		255A94AB202567DE0078CC6D /* Main.storyboard in Resources */ = {isa = PBXBuildFile; fileRef = 255A94A9202567DE0078CC6D /* Main.storyboard */; };
		255A94AD202567DE0078CC6D /* Assets.xcassets in Resources */ = {isa = PBXBuildFile; fileRef = 255A94AC202567DE0078CC6D /* Assets.xcassets */; };
		255A94B0202567DE0078CC6D /* LaunchScreen.storyboard in Resources */ = {isa = PBXBuildFile; fileRef = 255A94AE202567DE0078CC6D /* LaunchScreen.storyboard */; };
		255A94B820256EEE0078CC6D /* colors.plist in Resources */ = {isa = PBXBuildFile; fileRef = 255A94B720256EEE0078CC6D /* colors.plist */; };
		255A94BA202662930078CC6D /* ThirdViewController.swift in Sources */ = {isa = PBXBuildFile; fileRef = 255A94B9202662930078CC6D /* ThirdViewController.swift */; };
		255A94BD202664DB0078CC6D /* AVFoundation.framework in Frameworks */ = {isa = PBXBuildFile; fileRef = 255A94BC202664DB0078CC6D /* AVFoundation.framework */; };
/* End PBXBuildFile section */

/* Begin PBXFileReference section */
		255A94A0202567DE0078CC6D /* Lab1.app */ = {isa = PBXFileReference; explicitFileType = wrapper.application; includeInIndex = 0; path = Lab1.app; sourceTree = BUILT_PRODUCTS_DIR; };
		255A94A3202567DE0078CC6D /* AppDelegate.swift */ = {isa = PBXFileReference; lastKnownFileType = sourcecode.swift; path = AppDelegate.swift; sourceTree = "<group>"; };
		255A94A5202567DE0078CC6D /* FirstViewController.swift */ = {isa = PBXFileReference; lastKnownFileType = sourcecode.swift; path = FirstViewController.swift; sourceTree = "<group>"; };
		255A94A7202567DE0078CC6D /* SecondViewController.swift */ = {isa = PBXFileReference; lastKnownFileType = sourcecode.swift; path = SecondViewController.swift; sourceTree = "<group>"; };
		255A94AA202567DE0078CC6D /* Base */ = {isa = PBXFileReference; lastKnownFileType = file.storyboard; name = Base; path = Base.lproj/Main.storyboard; sourceTree = "<group>"; };
		255A94AC202567DE0078CC6D /* Assets.xcassets */ = {isa = PBXFileReference; lastKnownFileType = folder.assetcatalog; path = Assets.xcassets; sourceTree = "<group>"; };
		255A94AF202567DE0078CC6D /* Base */ = {isa = PBXFileReference; lastKnownFileType = file.storyboard; name = Base; path = Base.lproj/LaunchScreen.storyboard; sourceTree = "<group>"; };
		255A94B1202567DE0078CC6D /* Info.plist */ = {isa = PBXFileReference; lastKnownFileType = text.plist.xml; path = Info.plist; sourceTree = "<group>"; };
		255A94B720256EEE0078CC6D /* colors.plist */ = {isa = PBXFileReference; lastKnownFileType = text.plist.xml; path = colors.plist; sourceTree = "<group>"; };
		255A94B9202662930078CC6D /* ThirdViewController.swift */ = {isa = PBXFileReference; lastKnownFileType = sourcecode.swift; path = ThirdViewController.swift; sourceTree = "<group>"; };
		255A94BC202664DB0078CC6D /* AVFoundation.framework */ = {isa = PBXFileReference; lastKnownFileType = wrapper.framework; name = AVFoundation.framework; path = System/Library/Frameworks/AVFoundation.framework; sourceTree = SDKROOT; };
/* End PBXFileReference section */

/* Begin PBXFrameworksBuildPhase section */
		255A949D202567DE0078CC6D /* Frameworks */ = {
			isa = PBXFrameworksBuildPhase;
			buildActionMask = 2147483647;
			files = (
				255A94BD202664DB0078CC6D /* AVFoundation.framework in Frameworks */,
			);
			runOnlyForDeploymentPostprocessing = 0;
		};
/* End PBXFrameworksBuildPhase section */

/* Begin PBXGroup section */
		255A9497202567DE0078CC6D = {
			isa = PBXGroup;
			children = (
				255A94A2202567DE0078CC6D /* Lab1 */,
				255A94A1202567DE0078CC6D /* Products */,
				255A94BB202664DB0078CC6D /* Frameworks */,
			);
			sourceTree = "<group>";
		};
		255A94A1202567DE0078CC6D /* Products */ = {
			isa = PBXGroup;
			children = (
				255A94A0202567DE0078CC6D /* Lab1.app */,
			);
			name = Products;
			sourceTree = "<group>";
		};
		255A94A2202567DE0078CC6D /* Lab1 */ = {
			isa = PBXGroup;
			children = (
				255A94A3202567DE0078CC6D /* AppDelegate.swift */,
				255A94A5202567DE0078CC6D /* FirstViewController.swift */,
				255A94A7202567DE0078CC6D /* SecondViewController.swift */,
				255A94B9202662930078CC6D /* ThirdViewController.swift */,
				255A94A9202567DE0078CC6D /* Main.storyboard */,
				255A94AC202567DE0078CC6D /* Assets.xcassets */,
				255A94AE202567DE0078CC6D /* LaunchScreen.storyboard */,
				255A94B720256EEE0078CC6D /* colors.plist */,
				255A94B1202567DE0078CC6D /* Info.plist */,
			);
			path = Lab1;
			sourceTree = "<group>";
		};
		255A94BB202664DB0078CC6D /* Frameworks */ = {
			isa = PBXGroup;
			children = (
				255A94BC202664DB0078CC6D /* AVFoundation.framework */,
			);
			name = Frameworks;
			sourceTree = "<group>";
		};
/* End PBXGroup section */

/* Begin PBXNativeTarget section */
		255A949F202567DE0078CC6D /* Lab1 */ = {
			isa = PBXNativeTarget;
			buildConfigurationList = 255A94B4202567DE0078CC6D /* Build configuration list for PBXNativeTarget "Lab1" */;
			buildPhases = (
				255A949C202567DE0078CC6D /* Sources */,
				255A949D202567DE0078CC6D /* Frameworks */,
				255A949E202567DE0078CC6D /* Resources */,
			);
			buildRules = (
			);
			dependencies = (
			);
			name = Lab1;
			productName = Lab1;
			productReference = 255A94A0202567DE0078CC6D /* Lab1.app */;
			productType = "com.apple.product-type.application";
		};
/* End PBXNativeTarget section */

/* Begin PBXProject section */
		255A9498202567DE0078CC6D /* Project object */ = {
			isa = PBXProject;
			attributes = {
				LastSwiftUpdateCheck = 0920;
				LastUpgradeCheck = 0920;
				ORGANIZATIONNAME = "Zelika Anchipolovskya";
				TargetAttributes = {
					255A949F202567DE0078CC6D = {
						CreatedOnToolsVersion = 9.2;
						ProvisioningStyle = Automatic;
					};
				};
			};
			buildConfigurationList = 255A949B202567DE0078CC6D /* Build configuration list for PBXProject "Lab1" */;
			compatibilityVersion = "Xcode 8.0";
			developmentRegion = en;
			hasScannedForEncodings = 0;
			knownRegions = (
				en,
				Base,
			);
			mainGroup = 255A9497202567DE0078CC6D;
			productRefGroup = 255A94A1202567DE0078CC6D /* Products */;
			projectDirPath = "";
			projectRoot = "";
			targets = (
				255A949F202567DE0078CC6D /* Lab1 */,
			);
		};
/* End PBXProject section */

/* Begin PBXResourcesBuildPhase section */
		255A949E202567DE0078CC6D /* Resources */ = {
			isa = PBXResourcesBuildPhase;
			buildActionMask = 2147483647;
			files = (
				255A94B820256EEE0078CC6D /* colors.plist in Resources */,
				255A94B0202567DE0078CC6D /* LaunchScreen.storyboard in Resources */,
				255A94AD202567DE0078CC6D /* Assets.xcassets in Resources */,
				255A94AB202567DE0078CC6D /* Main.storyboard in Resources */,
			);
			runOnlyForDeploymentPostprocessing = 0;
		};
/* End PBXResourcesBuildPhase section */

/* Begin PBXSourcesBuildPhase section */
		255A949C202567DE0078CC6D /* Sources */ = {
			isa = PBXSourcesBuildPhase;
			buildActionMask = 2147483647;
			files = (
				255A94A8202567DE0078CC6D /* SecondViewController.swift in Sources */,
				255A94A4202567DE0078CC6D /* AppDelegate.swift in Sources */,
				255A94BA202662930078CC6D /* ThirdViewController.swift in Sources */,
				255A94A6202567DE0078CC6D /* FirstViewController.swift in Sources */,
			);
			runOnlyForDeploymentPostprocessing = 0;
		};
/* End PBXSourcesBuildPhase section */

/* Begin PBXVariantGroup section */
		255A94A9202567DE0078CC6D /* Main.storyboard */ = {
			isa = PBXVariantGroup;
			children = (
				255A94AA202567DE0078CC6D /* Base */,
			);
			name = Main.storyboard;
			sourceTree = "<group>";
		};
		255A94AE202567DE0078CC6D /* LaunchScreen.storyboard */ = {
			isa = PBXVariantGroup;
			children = (
				255A94AF202567DE0078CC6D /* Base */,
			);
			name = LaunchScreen.storyboard;
			sourceTree = "<group>";
		};
/* End PBXVariantGroup section */

/* Begin XCBuildConfiguration section */
		255A94B2202567DE0078CC6D /* Debug */ = {
			isa = XCBuildConfiguration;
			buildSettings = {
				ALWAYS_SEARCH_USER_PATHS = NO;
				CLANG_ANALYZER_NONNULL = YES;
				CLANG_ANALYZER_NUMBER_OBJECT_CONVERSION = YES_AGGRESSIVE;
				CLANG_CXX_LANGUAGE_STANDARD = "gnu++14";
				CLANG_CXX_LIBRARY = "libc++";
				CLANG_ENABLE_MODULES = YES;
				CLANG_ENABLE_OBJC_ARC = YES;
				CLANG_WARN_BLOCK_CAPTURE_AUTORELEASING = YES;
				CLANG_WARN_BOOL_CONVERSION = YES;
				CLANG_WARN_COMMA = YES;
				CLANG_WARN_CONSTANT_CONVERSION = YES;
				CLANG_WARN_DIRECT_OBJC_ISA_USAGE = YES_ERROR;
				CLANG_WARN_DOCUMENTATION_COMMENTS = YES;
				CLANG_WARN_EMPTY_BODY = YES;
				CLANG_WARN_ENUM_CONVERSION = YES;
				CLANG_WARN_INFINITE_RECURSION = YES;
				CLANG_WARN_INT_CONVERSION = YES;
				CLANG_WARN_NON_LITERAL_NULL_CONVERSION = YES;
				CLANG_WARN_OBJC_LITERAL_CONVERSION = YES;
				CLANG_WARN_OBJC_ROOT_CLASS = YES_ERROR;
				CLANG_WARN_RANGE_LOOP_ANALYSIS = YES;
				CLANG_WARN_STRICT_PROTOTYPES = YES;
				CLANG_WARN_SUSPICIOUS_MOVE = YES;
				CLANG_WARN_UNGUARDED_AVAILABILITY = YES_AGGRESSIVE;
				CLANG_WARN_UNREACHABLE_CODE = YES;
				CLANG_WARN__DUPLICATE_METHOD_MATCH = YES;
				CODE_SIGN_IDENTITY = "iPhone Developer";
				COPY_PHASE_STRIP = NO;
				DEBUG_INFORMATION_FORMAT = dwarf;
				ENABLE_STRICT_OBJC_MSGSEND = YES;
				ENABLE_TESTABILITY = YES;
				GCC_C_LANGUAGE_STANDARD = gnu11;
				GCC_DYNAMIC_NO_PIC = NO;
				GCC_NO_COMMON_BLOCKS = YES;
				GCC_OPTIMIZATION_LEVEL = 0;
				GCC_PREPROCESSOR_DEFINITIONS = (
					"DEBUG=1",
					"$(inherited)",
				);
				GCC_WARN_64_TO_32_BIT_CONVERSION = YES;
				GCC_WARN_ABOUT_RETURN_TYPE = YES_ERROR;
				GCC_WARN_UNDECLARED_SELECTOR = YES;
				GCC_WARN_UNINITIALIZED_AUTOS = YES_AGGRESSIVE;
				GCC_WARN_UNUSED_FUNCTION = YES;
				GCC_WARN_UNUSED_VARIABLE = YES;
				IPHONEOS_DEPLOYMENT_TARGET = 11.2;
				MTL_ENABLE_DEBUG_INFO = YES;
				ONLY_ACTIVE_ARCH = YES;
				SDKROOT = iphoneos;
				SWIFT_ACTIVE_COMPILATION_CONDITIONS = DEBUG;
				SWIFT_OPTIMIZATION_LEVEL = "-Onone";
			};
			name = Debug;
		};
		255A94B3202567DE0078CC6D /* Release */ = {
			isa = XCBuildConfiguration;
			buildSettings = {
				ALWAYS_SEARCH_USER_PATHS = NO;
				CLANG_ANALYZER_NONNULL = YES;
				CLANG_ANALYZER_NUMBER_OBJECT_CONVERSION = YES_AGGRESSIVE;
				CLANG_CXX_LANGUAGE_STANDARD = "gnu++14";
				CLANG_CXX_LIBRARY = "libc++";
				CLANG_ENABLE_MODULES = YES;
				CLANG_ENABLE_OBJC_ARC = YES;
				CLANG_WARN_BLOCK_CAPTURE_AUTORELEASING = YES;
				CLANG_WARN_BOOL_CONVERSION = YES;
				CLANG_WARN_COMMA = YES;
				CLANG_WARN_CONSTANT_CONVERSION = YES;
				CLANG_WARN_DIRECT_OBJC_ISA_USAGE = YES_ERROR;
				CLANG_WARN_DOCUMENTATION_COMMENTS = YES;
				CLANG_WARN_EMPTY_BODY = YES;
				CLANG_WARN_ENUM_CONVERSION = YES;
				CLANG_WARN_INFINITE_RECURSION = YES;
				CLANG_WARN_INT_CONVERSION = YES;
				CLANG_WARN_NON_LITERAL_NULL_CONVERSION = YES;
				CLANG_WARN_OBJC_LITERAL_CONVERSION = YES;
				CLANG_WARN_OBJC_ROOT_CLASS = YES_ERROR;
				CLANG_WARN_RANGE_LOOP_ANALYSIS = YES;
				CLANG_WARN_STRICT_PROTOTYPES = YES;
				CLANG_WARN_SUSPICIOUS_MOVE = YES;
				CLANG_WARN_UNGUARDED_AVAILABILITY = YES_AGGRESSIVE;
				CLANG_WARN_UNREACHABLE_CODE = YES;
				CLANG_WARN__DUPLICATE_METHOD_MATCH = YES;
				CODE_SIGN_IDENTITY = "iPhone Developer";
				COPY_PHASE_STRIP = NO;
				DEBUG_INFORMATION_FORMAT = "dwarf-with-dsym";
				ENABLE_NS_ASSERTIONS = NO;
				ENABLE_STRICT_OBJC_MSGSEND = YES;
				GCC_C_LANGUAGE_STANDARD = gnu11;
				GCC_NO_COMMON_BLOCKS = YES;
				GCC_WARN_64_TO_32_BIT_CONVERSION = YES;
				GCC_WARN_ABOUT_RETURN_TYPE = YES_ERROR;
				GCC_WARN_UNDECLARED_SELECTOR = YES;
				GCC_WARN_UNINITIALIZED_AUTOS = YES_AGGRESSIVE;
				GCC_WARN_UNUSED_FUNCTION = YES;
				GCC_WARN_UNUSED_VARIABLE = YES;
				IPHONEOS_DEPLOYMENT_TARGET = 11.2;
				MTL_ENABLE_DEBUG_INFO = NO;
				SDKROOT = iphoneos;
				SWIFT_OPTIMIZATION_LEVEL = "-Owholemodule";
				VALIDATE_PRODUCT = YES;
			};
			name = Release;
		};
		255A94B5202567DE0078CC6D /* Debug */ = {
			isa = XCBuildConfiguration;
			buildSettings = {
				ASSETCATALOG_COMPILER_APPICON_NAME = AppIcon;
				CODE_SIGN_STYLE = Automatic;
				DEVELOPMENT_TEAM = 8US3F8PKFH;
				INFOPLIST_FILE = Lab1/Info.plist;
				LD_RUNPATH_SEARCH_PATHS = "$(inherited) @executable_path/Frameworks";
				PRODUCT_BUNDLE_IDENTIFIER = "Zelika-Anchipolovskaya.Lab1";
				PRODUCT_NAME = "$(TARGET_NAME)";
				SWIFT_VERSION = 4.0;
				TARGETED_DEVICE_FAMILY = "1,2";
			};
			name = Debug;
		};
		255A94B6202567DE0078CC6D /* Release */ = {
			isa = XCBuildConfiguration;
			buildSettings = {
				ASSETCATALOG_COMPILER_APPICON_NAME = AppIcon;
				CODE_SIGN_STYLE = Automatic;
				DEVELOPMENT_TEAM = 8US3F8PKFH;
				INFOPLIST_FILE = Lab1/Info.plist;
				LD_RUNPATH_SEARCH_PATHS = "$(inherited) @executable_path/Frameworks";
				PRODUCT_BUNDLE_IDENTIFIER = "Zelika-Anchipolovskaya.Lab1";
				PRODUCT_NAME = "$(TARGET_NAME)";
				SWIFT_VERSION = 4.0;
				TARGETED_DEVICE_FAMILY = "1,2";
			};
			name = Release;
		};
/* End XCBuildConfiguration section */

/* Begin XCConfigurationList section */
		255A949B202567DE0078CC6D /* Build configuration list for PBXProject "Lab1" */ = {
			isa = XCConfigurationList;
			buildConfigurations = (
				255A94B2202567DE0078CC6D /* Debug */,
				255A94B3202567DE0078CC6D /* Release */,
			);
			defaultConfigurationIsVisible = 0;
			defaultConfigurationName = Release;
		};
		255A94B4202567DE0078CC6D /* Build configuration list for PBXNativeTarget "Lab1" */ = {
			isa = XCConfigurationList;
			buildConfigurations = (
				255A94B5202567DE0078CC6D /* Debug */,
				255A94B6202567DE0078CC6D /* Release */,
			);
			defaultConfigurationIsVisible = 0;
			defaultConfigurationName = Release;
		};
/* End XCConfigurationList section */
	};
	rootObject = 255A9498202567DE0078CC6D /* Project object */;
}
