// !$*UTF8*$!
{
	archiveVersion = 1;
	classes = {
	};
	objectVersion = 48;
	objects = {

/* Begin PBXBuildFile section */
		25B59E4E204251AD00386555 /* AppDelegate.swift in Sources */ = {isa = PBXBuildFile; fileRef = 25B59E4D204251AD00386555 /* AppDelegate.swift */; };
		25B59E50204251AD00386555 /* MasterViewController.swift in Sources */ = {isa = PBXBuildFile; fileRef = 25B59E4F204251AD00386555 /* MasterViewController.swift */; };
		25B59E52204251AD00386555 /* DetailViewController.swift in Sources */ = {isa = PBXBuildFile; fileRef = 25B59E51204251AD00386555 /* DetailViewController.swift */; };
		25B59E55204251AD00386555 /* Main.storyboard in Resources */ = {isa = PBXBuildFile; fileRef = 25B59E53204251AD00386555 /* Main.storyboard */; };
		25B59E57204251AD00386555 /* Assets.xcassets in Resources */ = {isa = PBXBuildFile; fileRef = 25B59E56204251AD00386555 /* Assets.xcassets */; };
		25B59E5A204251AD00386555 /* LaunchScreen.storyboard in Resources */ = {isa = PBXBuildFile; fileRef = 25B59E58204251AD00386555 /* LaunchScreen.storyboard */; };
		25B59E622042545A00386555 /* harrypotter2.plist in Resources */ = {isa = PBXBuildFile; fileRef = 25B59E612042545A00386555 /* harrypotter2.plist */; };
/* End PBXBuildFile section */

/* Begin PBXFileReference section */
		25B59E4A204251AD00386555 /* lab3_b.app */ = {isa = PBXFileReference; explicitFileType = wrapper.application; includeInIndex = 0; path = lab3_b.app; sourceTree = BUILT_PRODUCTS_DIR; };
		25B59E4D204251AD00386555 /* AppDelegate.swift */ = {isa = PBXFileReference; lastKnownFileType = sourcecode.swift; path = AppDelegate.swift; sourceTree = "<group>"; };
		25B59E4F204251AD00386555 /* MasterViewController.swift */ = {isa = PBXFileReference; lastKnownFileType = sourcecode.swift; path = MasterViewController.swift; sourceTree = "<group>"; };
		25B59E51204251AD00386555 /* DetailViewController.swift */ = {isa = PBXFileReference; lastKnownFileType = sourcecode.swift; path = DetailViewController.swift; sourceTree = "<group>"; };
		25B59E54204251AD00386555 /* Base */ = {isa = PBXFileReference; lastKnownFileType = file.storyboard; name = Base; path = Base.lproj/Main.storyboard; sourceTree = "<group>"; };
		25B59E56204251AD00386555 /* Assets.xcassets */ = {isa = PBXFileReference; lastKnownFileType = folder.assetcatalog; path = Assets.xcassets; sourceTree = "<group>"; };
		25B59E59204251AD00386555 /* Base */ = {isa = PBXFileReference; lastKnownFileType = file.storyboard; name = Base; path = Base.lproj/LaunchScreen.storyboard; sourceTree = "<group>"; };
		25B59E5B204251AD00386555 /* Info.plist */ = {isa = PBXFileReference; lastKnownFileType = text.plist.xml; path = Info.plist; sourceTree = "<group>"; };
		25B59E612042545A00386555 /* harrypotter2.plist */ = {isa = PBXFileReference; fileEncoding = 4; lastKnownFileType = text.plist.xml; path = harrypotter2.plist; sourceTree = "<group>"; };
/* End PBXFileReference section */

/* Begin PBXFrameworksBuildPhase section */
		25B59E47204251AD00386555 /* Frameworks */ = {
			isa = PBXFrameworksBuildPhase;
			buildActionMask = 2147483647;
			files = (
			);
			runOnlyForDeploymentPostprocessing = 0;
		};
/* End PBXFrameworksBuildPhase section */

/* Begin PBXGroup section */
		25B59E41204251AD00386555 = {
			isa = PBXGroup;
			children = (
				25B59E4C204251AD00386555 /* lab3_b */,
				25B59E4B204251AD00386555 /* Products */,
			);
			sourceTree = "<group>";
		};
		25B59E4B204251AD00386555 /* Products */ = {
			isa = PBXGroup;
			children = (
				25B59E4A204251AD00386555 /* lab3_b.app */,
			);
			name = Products;
			sourceTree = "<group>";
		};
		25B59E4C204251AD00386555 /* lab3_b */ = {
			isa = PBXGroup;
			children = (
				25B59E4D204251AD00386555 /* AppDelegate.swift */,
				25B59E4F204251AD00386555 /* MasterViewController.swift */,
				25B59E51204251AD00386555 /* DetailViewController.swift */,
				25B59E53204251AD00386555 /* Main.storyboard */,
				25B59E56204251AD00386555 /* Assets.xcassets */,
				25B59E58204251AD00386555 /* LaunchScreen.storyboard */,
				25B59E612042545A00386555 /* harrypotter2.plist */,
				25B59E5B204251AD00386555 /* Info.plist */,
			);
			path = lab3_b;
			sourceTree = "<group>";
		};
/* End PBXGroup section */

/* Begin PBXNativeTarget section */
		25B59E49204251AD00386555 /* lab3_b */ = {
			isa = PBXNativeTarget;
			buildConfigurationList = 25B59E5E204251AD00386555 /* Build configuration list for PBXNativeTarget "lab3_b" */;
			buildPhases = (
				25B59E46204251AD00386555 /* Sources */,
				25B59E47204251AD00386555 /* Frameworks */,
				25B59E48204251AD00386555 /* Resources */,
			);
			buildRules = (
			);
			dependencies = (
			);
			name = lab3_b;
			productName = lab3_b;
			productReference = 25B59E4A204251AD00386555 /* lab3_b.app */;
			productType = "com.apple.product-type.application";
		};
/* End PBXNativeTarget section */

/* Begin PBXProject section */
		25B59E42204251AD00386555 /* Project object */ = {
			isa = PBXProject;
			attributes = {
				LastSwiftUpdateCheck = 0920;
				LastUpgradeCheck = 0920;
				ORGANIZATIONNAME = "Zelika Anchipolovskya";
				TargetAttributes = {
					25B59E49204251AD00386555 = {
						CreatedOnToolsVersion = 9.2;
						ProvisioningStyle = Automatic;
					};
				};
			};
			buildConfigurationList = 25B59E45204251AD00386555 /* Build configuration list for PBXProject "lab3_b" */;
			compatibilityVersion = "Xcode 8.0";
			developmentRegion = en;
			hasScannedForEncodings = 0;
			knownRegions = (
				en,
				Base,
			);
			mainGroup = 25B59E41204251AD00386555;
			productRefGroup = 25B59E4B204251AD00386555 /* Products */;
			projectDirPath = "";
			projectRoot = "";
			targets = (
				25B59E49204251AD00386555 /* lab3_b */,
			);
		};
/* End PBXProject section */

/* Begin PBXResourcesBuildPhase section */
		25B59E48204251AD00386555 /* Resources */ = {
			isa = PBXResourcesBuildPhase;
			buildActionMask = 2147483647;
			files = (
				25B59E5A204251AD00386555 /* LaunchScreen.storyboard in Resources */,
				25B59E57204251AD00386555 /* Assets.xcassets in Resources */,
				25B59E622042545A00386555 /* harrypotter2.plist in Resources */,
				25B59E55204251AD00386555 /* Main.storyboard in Resources */,
			);
			runOnlyForDeploymentPostprocessing = 0;
		};
/* End PBXResourcesBuildPhase section */

/* Begin PBXSourcesBuildPhase section */
		25B59E46204251AD00386555 /* Sources */ = {
			isa = PBXSourcesBuildPhase;
			buildActionMask = 2147483647;
			files = (
				25B59E52204251AD00386555 /* DetailViewController.swift in Sources */,
				25B59E50204251AD00386555 /* MasterViewController.swift in Sources */,
				25B59E4E204251AD00386555 /* AppDelegate.swift in Sources */,
			);
			runOnlyForDeploymentPostprocessing = 0;
		};
/* End PBXSourcesBuildPhase section */

/* Begin PBXVariantGroup section */
		25B59E53204251AD00386555 /* Main.storyboard */ = {
			isa = PBXVariantGroup;
			children = (
				25B59E54204251AD00386555 /* Base */,
			);
			name = Main.storyboard;
			sourceTree = "<group>";
		};
		25B59E58204251AD00386555 /* LaunchScreen.storyboard */ = {
			isa = PBXVariantGroup;
			children = (
				25B59E59204251AD00386555 /* Base */,
			);
			name = LaunchScreen.storyboard;
			sourceTree = "<group>";
		};
/* End PBXVariantGroup section */

/* Begin XCBuildConfiguration section */
		25B59E5C204251AD00386555 /* Debug */ = {
			isa = XCBuildConfiguration;
			buildSettings = {
				ALWAYS_SEARCH_USER_PATHS = NO;
				CLANG_ANALYZER_NONNULL = YES;
				CLANG_ANALYZER_NUMBER_OBJECT_CONVERSION = YES_AGGRESSIVE;
				CLANG_CXX_LANGUAGE_STANDARD = "gnu++14";
				CLANG_CXX_LIBRARY = "libc++";
				CLANG_ENABLE_MODULES = YES;
				CLANG_ENABLE_OBJC_ARC = YES;
				CLANG_WARN_BLOCK_CAPTURE_AUTORELEASING = YES;
				CLANG_WARN_BOOL_CONVERSION = YES;
				CLANG_WARN_COMMA = YES;
				CLANG_WARN_CONSTANT_CONVERSION = YES;
				CLANG_WARN_DIRECT_OBJC_ISA_USAGE = YES_ERROR;
				CLANG_WARN_DOCUMENTATION_COMMENTS = YES;
				CLANG_WARN_EMPTY_BODY = YES;
				CLANG_WARN_ENUM_CONVERSION = YES;
				CLANG_WARN_INFINITE_RECURSION = YES;
				CLANG_WARN_INT_CONVERSION = YES;
				CLANG_WARN_NON_LITERAL_NULL_CONVERSION = YES;
				CLANG_WARN_OBJC_LITERAL_CONVERSION = YES;
				CLANG_WARN_OBJC_ROOT_CLASS = YES_ERROR;
				CLANG_WARN_RANGE_LOOP_ANALYSIS = YES;
				CLANG_WARN_STRICT_PROTOTYPES = YES;
				CLANG_WARN_SUSPICIOUS_MOVE = YES;
				CLANG_WARN_UNGUARDED_AVAILABILITY = YES_AGGRESSIVE;
				CLANG_WARN_UNREACHABLE_CODE = YES;
				CLANG_WARN__DUPLICATE_METHOD_MATCH = YES;
				CODE_SIGN_IDENTITY = "iPhone Developer";
				COPY_PHASE_STRIP = NO;
				DEBUG_INFORMATION_FORMAT = dwarf;
				ENABLE_STRICT_OBJC_MSGSEND = YES;
				ENABLE_TESTABILITY = YES;
				GCC_C_LANGUAGE_STANDARD = gnu11;
				GCC_DYNAMIC_NO_PIC = NO;
				GCC_NO_COMMON_BLOCKS = YES;
				GCC_OPTIMIZATION_LEVEL = 0;
				GCC_PREPROCESSOR_DEFINITIONS = (
					"DEBUG=1",
					"$(inherited)",
				);
				GCC_WARN_64_TO_32_BIT_CONVERSION = YES;
				GCC_WARN_ABOUT_RETURN_TYPE = YES_ERROR;
				GCC_WARN_UNDECLARED_SELECTOR = YES;
				GCC_WARN_UNINITIALIZED_AUTOS = YES_AGGRESSIVE;
				GCC_WARN_UNUSED_FUNCTION = YES;
				GCC_WARN_UNUSED_VARIABLE = YES;
				IPHONEOS_DEPLOYMENT_TARGET = 11.2;
				MTL_ENABLE_DEBUG_INFO = YES;
				ONLY_ACTIVE_ARCH = YES;
				SDKROOT = iphoneos;
				SWIFT_ACTIVE_COMPILATION_CONDITIONS = DEBUG;
				SWIFT_OPTIMIZATION_LEVEL = "-Onone";
			};
			name = Debug;
		};
		25B59E5D204251AD00386555 /* Release */ = {
			isa = XCBuildConfiguration;
			buildSettings = {
				ALWAYS_SEARCH_USER_PATHS = NO;
				CLANG_ANALYZER_NONNULL = YES;
				CLANG_ANALYZER_NUMBER_OBJECT_CONVERSION = YES_AGGRESSIVE;
				CLANG_CXX_LANGUAGE_STANDARD = "gnu++14";
				CLANG_CXX_LIBRARY = "libc++";
				CLANG_ENABLE_MODULES = YES;
				CLANG_ENABLE_OBJC_ARC = YES;
				CLANG_WARN_BLOCK_CAPTURE_AUTORELEASING = YES;
				CLANG_WARN_BOOL_CONVERSION = YES;
				CLANG_WARN_COMMA = YES;
				CLANG_WARN_CONSTANT_CONVERSION = YES;
				CLANG_WARN_DIRECT_OBJC_ISA_USAGE = YES_ERROR;
				CLANG_WARN_DOCUMENTATION_COMMENTS = YES;
				CLANG_WARN_EMPTY_BODY = YES;
				CLANG_WARN_ENUM_CONVERSION = YES;
				CLANG_WARN_INFINITE_RECURSION = YES;
				CLANG_WARN_INT_CONVERSION = YES;
				CLANG_WARN_NON_LITERAL_NULL_CONVERSION = YES;
				CLANG_WARN_OBJC_LITERAL_CONVERSION = YES;
				CLANG_WARN_OBJC_ROOT_CLASS = YES_ERROR;
				CLANG_WARN_RANGE_LOOP_ANALYSIS = YES;
				CLANG_WARN_STRICT_PROTOTYPES = YES;
				CLANG_WARN_SUSPICIOUS_MOVE = YES;
				CLANG_WARN_UNGUARDED_AVAILABILITY = YES_AGGRESSIVE;
				CLANG_WARN_UNREACHABLE_CODE = YES;
				CLANG_WARN__DUPLICATE_METHOD_MATCH = YES;
				CODE_SIGN_IDENTITY = "iPhone Developer";
				COPY_PHASE_STRIP = NO;
				DEBUG_INFORMATION_FORMAT = "dwarf-with-dsym";
				ENABLE_NS_ASSERTIONS = NO;
				ENABLE_STRICT_OBJC_MSGSEND = YES;
				GCC_C_LANGUAGE_STANDARD = gnu11;
				GCC_NO_COMMON_BLOCKS = YES;
				GCC_WARN_64_TO_32_BIT_CONVERSION = YES;
				GCC_WARN_ABOUT_RETURN_TYPE = YES_ERROR;
				GCC_WARN_UNDECLARED_SELECTOR = YES;
				GCC_WARN_UNINITIALIZED_AUTOS = YES_AGGRESSIVE;
				GCC_WARN_UNUSED_FUNCTION = YES;
				GCC_WARN_UNUSED_VARIABLE = YES;
				IPHONEOS_DEPLOYMENT_TARGET = 11.2;
				MTL_ENABLE_DEBUG_INFO = NO;
				SDKROOT = iphoneos;
				SWIFT_OPTIMIZATION_LEVEL = "-Owholemodule";
				VALIDATE_PRODUCT = YES;
			};
			name = Release;
		};
		25B59E5F204251AD00386555 /* Debug */ = {
			isa = XCBuildConfiguration;
			buildSettings = {
				ASSETCATALOG_COMPILER_APPICON_NAME = AppIcon;
				CODE_SIGN_STYLE = Automatic;
				DEVELOPMENT_TEAM = 8US3F8PKFH;
				INFOPLIST_FILE = lab3_b/Info.plist;
				LD_RUNPATH_SEARCH_PATHS = "$(inherited) @executable_path/Frameworks";
				PRODUCT_BUNDLE_IDENTIFIER = "Zelika-Anchipolovskaya.lab3-b";
				PRODUCT_NAME = "$(TARGET_NAME)";
				SWIFT_VERSION = 4.0;
				TARGETED_DEVICE_FAMILY = "1,2";
			};
			name = Debug;
		};
		25B59E60204251AD00386555 /* Release */ = {
			isa = XCBuildConfiguration;
			buildSettings = {
				ASSETCATALOG_COMPILER_APPICON_NAME = AppIcon;
				CODE_SIGN_STYLE = Automatic;
				DEVELOPMENT_TEAM = 8US3F8PKFH;
				INFOPLIST_FILE = lab3_b/Info.plist;
				LD_RUNPATH_SEARCH_PATHS = "$(inherited) @executable_path/Frameworks";
				PRODUCT_BUNDLE_IDENTIFIER = "Zelika-Anchipolovskaya.lab3-b";
				PRODUCT_NAME = "$(TARGET_NAME)";
				SWIFT_VERSION = 4.0;
				TARGETED_DEVICE_FAMILY = "1,2";
			};
			name = Release;
		};
/* End XCBuildConfiguration section */

/* Begin XCConfigurationList section */
		25B59E45204251AD00386555 /* Build configuration list for PBXProject "lab3_b" */ = {
			isa = XCConfigurationList;
			buildConfigurations = (
				25B59E5C204251AD00386555 /* Debug */,
				25B59E5D204251AD00386555 /* Release */,
			);
			defaultConfigurationIsVisible = 0;
			defaultConfigurationName = Release;
		};
		25B59E5E204251AD00386555 /* Build configuration list for PBXNativeTarget "lab3_b" */ = {
			isa = XCConfigurationList;
			buildConfigurations = (
				25B59E5F204251AD00386555 /* Debug */,
				25B59E60204251AD00386555 /* Release */,
			);
			defaultConfigurationIsVisible = 0;
			defaultConfigurationName = Release;
		};
/* End XCConfigurationList section */
	};
	rootObject = 25B59E42204251AD00386555 /* Project object */;
}
